{
  "requires": true,
  "lockfileVersion": 1,
  "dependencies": {
    "ngx-toastr": {
      "version": "12.0.1",
      "resolved": "https://registry.npmjs.org/ngx-toastr/-/ngx-toastr-12.0.1.tgz",
      "integrity": "sha512-PABtbn2dyHweVSbo/py1W3veXzcmZO7uVItfTW9AykSSeAUju3gOCgauAw89km0aJ9EBcPOieaoI+9tAR7Pfug=="
    }
  }
}
